
Microsoft Visual Studio Solution File, Format Version 12.00
Project("{2150E333-8FDC-42A3-9474-1A3956D46DE8}") = "AspNetIdentity", "AspNetIdentity", "{91BE8E9A-3D4C-496A-8244-490BE78005FA}"
EndProject
Project("{FAE04EC0-301F-11D3-BF4B-00C04F79EFBC}") = "Open.IdentityServer.AspNetIdentity", "src\AspNetIdentity\src\Open.IdentityServer.AspNetIdentity.csproj", "{A2D626B8-1532-4E35-B9F2-4246C838D192}"
EndProject
Project("{FAE04EC0-301F-11D3-BF4B-00C04F79EFBC}") = "Host", "src\AspNetIdentity\host\Host.csproj", "{B365596B-8518-4296-AA9E-5B455C74AAF6}"
EndProject
Project("{2150E333-8FDC-42A3-9474-1A3956D46DE8}") = "EntityFramework", "EntityFramework", "{8C872811-C316-4578-AD8E-3C91EE0E1CF0}"
EndProject
Project("{2150E333-8FDC-42A3-9474-1A3956D46DE8}") = "EntityFramework.Storage", "EntityFramework.Storage", "{C5561441-EA01-4319-B4F2-975194071B79}"
EndProject
Project("{2150E333-8FDC-42A3-9474-1A3956D46DE8}") = "Storage", "Storage", "{7C740022-8283-4021-8E72-3F2847949309}"
EndProject
Project("{2150E333-8FDC-42A3-9474-1A3956D46DE8}") = "Open.IdentityServer", "Open.IdentityServer", "{4B2A5DEF-3F1A-4D76-94E7-BA369E97B582}"
EndProject
Project("{FAE04EC0-301F-11D3-BF4B-00C04F79EFBC}") = "Host", "src\EntityFramework\host\Host.csproj", "{7F5B4E94-ADAC-47A7-9D2F-13C8418D14DC}"
EndProject
Project("{FAE04EC0-301F-11D3-BF4B-00C04F79EFBC}") = "Open.IdentityServer.EntityFramework", "src\EntityFramework\src\Open.IdentityServer.EntityFramework.csproj", "{71E9790E-DFDE-4F5E-B16E-7DA963990DC9}"
EndProject
Project("{FAE04EC0-301F-11D3-BF4B-00C04F79EFBC}") = "Open.IdentityServer.EntityFramework.Storage", "src\EntityFramework.Storage\src\Open.IdentityServer.EntityFramework.Storage.csproj", "{E30E604A-9CC6-430A-BF88-FA909DAA1E69}"
EndProject
Project("{2150E333-8FDC-42A3-9474-1A3956D46DE8}") = "src", "src", "{7B1173B0-F41B-4350-979D-748DC4A831FA}"
EndProject
Project("{2150E333-8FDC-42A3-9474-1A3956D46DE8}") = "migrations", "migrations", "{E8E2D0A0-2492-44FB-92FB-81F7F2CDCE7F}"
EndProject
Project("{FAE04EC0-301F-11D3-BF4B-00C04F79EFBC}") = "SqlServer", "src\AspNetIdentity\migrations\SqlServer\SqlServer.csproj", "{42302293-0573-4056-8130-DD442CEBF91A}"
EndProject
Project("{2150E333-8FDC-42A3-9474-1A3956D46DE8}") = "src", "src", "{82170E4C-2055-4590-9E41-42E08353EC8C}"
EndProject
Project("{2150E333-8FDC-42A3-9474-1A3956D46DE8}") = "seeding", "seeding", "{4661E126-2486-40CB-AB79-AE71C7D867EA}"
EndProject
Project("{2150E333-8FDC-42A3-9474-1A3956D46DE8}") = "tests", "tests", "{41FAD0A5-AA0A-45A3-AB46-722AB8581D69}"
EndProject
Project("{FAE04EC0-301F-11D3-BF4B-00C04F79EFBC}") = "SqlServer", "src\EntityFramework\migrations\SqlServer\SqlServer.csproj", "{47811447-A858-496F-8792-DCB572355F2F}"
EndProject
Project("{FAE04EC0-301F-11D3-BF4B-00C04F79EFBC}") = "Open.IdentityServer.EntityFramework.Tests", "src\EntityFramework\test\Open.IdentityServer.EntityFramework.Tests\Open.IdentityServer.EntityFramework.Tests.csproj", "{354FA653-96DE-4CC4-8B6C-5883BF034C16}"
EndProject
Project("{2150E333-8FDC-42A3-9474-1A3956D46DE8}") = "src", "src", "{803FB76C-B522-4162-9A8C-D0F0CC3D27CB}"
EndProject
Project("{2150E333-8FDC-42A3-9474-1A3956D46DE8}") = "host", "host", "{A73A5C42-CB9D-4F61-9127-B7857DADE3EF}"
EndProject
Project("{FAE04EC0-301F-11D3-BF4B-00C04F79EFBC}") = "ConsoleHost", "src\EntityFramework.Storage\host\ConsoleHost\ConsoleHost.csproj", "{AA853CBA-460D-4CED-9268-51CE69ADB07A}"
EndProject
Project("{2150E333-8FDC-42A3-9474-1A3956D46DE8}") = "tests", "tests", "{1249C775-D32D-46E2-91F0-F9F43E4213BB}"
EndProject
Project("{FAE04EC0-301F-11D3-BF4B-00C04F79EFBC}") = "Open.IdentityServer.EntityFramework.IntegrationTests", "src\EntityFramework.Storage\test\IntegrationTests\Open.IdentityServer.EntityFramework.IntegrationTests.csproj", "{03B6565E-BAA4-4B27-AE35-D0A95DD74219}"
EndProject
Project("{FAE04EC0-301F-11D3-BF4B-00C04F79EFBC}") = "Open.IdentityServer.EntityFramework.UnitTests", "src\EntityFramework.Storage\test\UnitTests\Open.IdentityServer.EntityFramework.UnitTests.csproj", "{07933CD8-6FB9-47DF-8CD2-46CBC2C5F55F}"
EndProject
Project("{2150E333-8FDC-42A3-9474-1A3956D46DE8}") = "migrations", "migrations", "{0C2CD5F0-DD45-4B19-AA3C-692906F09F8C}"
EndProject
Project("{FAE04EC0-301F-11D3-BF4B-00C04F79EFBC}") = "SqlServer", "src\EntityFramework.Storage\migrations\SqlServer\SqlServer.csproj", "{8A79C30C-AF8F-44F6-A5A0-3AC8B7ED6E2D}"
EndProject
Project("{2150E333-8FDC-42A3-9474-1A3956D46DE8}") = "src", "src", "{29CDFD29-58BB-43BE-AD70-ECF0DA8D9486}"
EndProject
Project("{2150E333-8FDC-42A3-9474-1A3956D46DE8}") = "tests", "tests", "{A2017A75-D78E-48BD-9FD0-1E471A42F544}"
EndProject
Project("{2150E333-8FDC-42A3-9474-1A3956D46DE8}") = "src", "src", "{78510D3C-6BE1-4017-8AD4-CC905D58D788}"
EndProject
Project("{FAE04EC0-301F-11D3-BF4B-00C04F79EFBC}") = "Open.IdentityServer", "src\Open.IdentityServer\src\Open.IdentityServer.csproj", "{94C23776-EE92-4E46-9849-D2E6CBD65295}"
EndProject
Project("{FAE04EC0-301F-11D3-BF4B-00C04F79EFBC}") = "Host", "src\Open.IdentityServer\host\Host.csproj", "{65853CF3-EDB0-44A2-97F4-20E494E1F1EF}"
EndProject
Project("{FAE04EC0-301F-11D3-BF4B-00C04F79EFBC}") = "Open.IdentityServer.IntegrationTests", "src\Open.IdentityServer\test\Open.IdentityServer.IntegrationTests\Open.IdentityServer.IntegrationTests.csproj", "{08F6ACCA-179D-466A-8003-B8B4B2A26768}"
EndProject
Project("{FAE04EC0-301F-11D3-BF4B-00C04F79EFBC}") = "Open.IdentityServer.UnitTests", "src\Open.IdentityServer\test\Open.IdentityServer.UnitTests\Open.IdentityServer.UnitTests.csproj", "{0A76F194-9723-46E6-843A-55ABBC58C5AD}"
EndProject
Project("{FAE04EC0-301F-11D3-BF4B-00C04F79EFBC}") = "Open.IdentityServer.Storage", "src\Storage\src\Open.IdentityServer.Storage.csproj", "{C459AC33-FD11-402E-8058-F76DD940190D}"
EndProject
Project("{FAE04EC0-301F-11D3-BF4B-00C04F79EFBC}") = "IdentityModel", "src\IdentityModel\src\IdentityModel.csproj", "{7F1E7FB4-7199-41AA-B30E-EA372813754F}"
EndProject
Project("{2150E333-8FDC-42A3-9474-1A3956D46DE8}") = "IdentityModel", "IdentityModel", "{81B58798-E76E-4CA7-B423-97D7123B22EF}"
EndProject
Project("{2150E333-8FDC-42A3-9474-1A3956D46DE8}") = "src", "src", "{24E4CC66-7F30-4542-8A0A-5E262E458DDE}"
EndProject
Global
	GlobalSection(SolutionConfigurationPlatforms) = preSolution
		Debug|Any CPU = Debug|Any CPU
		Release|Any CPU = Release|Any CPU
	EndGlobalSection
	GlobalSection(NestedProjects) = preSolution
		{7B1173B0-F41B-4350-979D-748DC4A831FA} = {91BE8E9A-3D4C-496A-8244-490BE78005FA}
		{E8E2D0A0-2492-44FB-92FB-81F7F2CDCE7F} = {91BE8E9A-3D4C-496A-8244-490BE78005FA}
		{A2D626B8-1532-4E35-B9F2-4246C838D192} = {7B1173B0-F41B-4350-979D-748DC4A831FA}
		{B365596B-8518-4296-AA9E-5B455C74AAF6} = {7B1173B0-F41B-4350-979D-748DC4A831FA}
		{42302293-0573-4056-8130-DD442CEBF91A} = {E8E2D0A0-2492-44FB-92FB-81F7F2CDCE7F}
		{82170E4C-2055-4590-9E41-42E08353EC8C} = {8C872811-C316-4578-AD8E-3C91EE0E1CF0}
		{7F5B4E94-ADAC-47A7-9D2F-13C8418D14DC} = {82170E4C-2055-4590-9E41-42E08353EC8C}
		{71E9790E-DFDE-4F5E-B16E-7DA963990DC9} = {82170E4C-2055-4590-9E41-42E08353EC8C}
		{4661E126-2486-40CB-AB79-AE71C7D867EA} = {8C872811-C316-4578-AD8E-3C91EE0E1CF0}
		{41FAD0A5-AA0A-45A3-AB46-722AB8581D69} = {8C872811-C316-4578-AD8E-3C91EE0E1CF0}
		{47811447-A858-496F-8792-DCB572355F2F} = {4661E126-2486-40CB-AB79-AE71C7D867EA}
		{354FA653-96DE-4CC4-8B6C-5883BF034C16} = {41FAD0A5-AA0A-45A3-AB46-722AB8581D69}
		{803FB76C-B522-4162-9A8C-D0F0CC3D27CB} = {C5561441-EA01-4319-B4F2-975194071B79}
		{E30E604A-9CC6-430A-BF88-FA909DAA1E69} = {803FB76C-B522-4162-9A8C-D0F0CC3D27CB}
		{A73A5C42-CB9D-4F61-9127-B7857DADE3EF} = {C5561441-EA01-4319-B4F2-975194071B79}
		{AA853CBA-460D-4CED-9268-51CE69ADB07A} = {A73A5C42-CB9D-4F61-9127-B7857DADE3EF}
		{1249C775-D32D-46E2-91F0-F9F43E4213BB} = {C5561441-EA01-4319-B4F2-975194071B79}
		{03B6565E-BAA4-4B27-AE35-D0A95DD74219} = {1249C775-D32D-46E2-91F0-F9F43E4213BB}
		{07933CD8-6FB9-47DF-8CD2-46CBC2C5F55F} = {1249C775-D32D-46E2-91F0-F9F43E4213BB}
		{0C2CD5F0-DD45-4B19-AA3C-692906F09F8C} = {C5561441-EA01-4319-B4F2-975194071B79}
		{8A79C30C-AF8F-44F6-A5A0-3AC8B7ED6E2D} = {0C2CD5F0-DD45-4B19-AA3C-692906F09F8C}
		{29CDFD29-58BB-43BE-AD70-ECF0DA8D9486} = {4B2A5DEF-3F1A-4D76-94E7-BA369E97B582}
		{A2017A75-D78E-48BD-9FD0-1E471A42F544} = {4B2A5DEF-3F1A-4D76-94E7-BA369E97B582}
		{78510D3C-6BE1-4017-8AD4-CC905D58D788} = {7C740022-8283-4021-8E72-3F2847949309}
		{94C23776-EE92-4E46-9849-D2E6CBD65295} = {29CDFD29-58BB-43BE-AD70-ECF0DA8D9486}
		{65853CF3-EDB0-44A2-97F4-20E494E1F1EF} = {29CDFD29-58BB-43BE-AD70-ECF0DA8D9486}
		{08F6ACCA-179D-466A-8003-B8B4B2A26768} = {A2017A75-D78E-48BD-9FD0-1E471A42F544}
		{0A76F194-9723-46E6-843A-55ABBC58C5AD} = {A2017A75-D78E-48BD-9FD0-1E471A42F544}
		{C459AC33-FD11-402E-8058-F76DD940190D} = {78510D3C-6BE1-4017-8AD4-CC905D58D788}
		{24E4CC66-7F30-4542-8A0A-5E262E458DDE} = {81B58798-E76E-4CA7-B423-97D7123B22EF}
		{7F1E7FB4-7199-41AA-B30E-EA372813754F} = {24E4CC66-7F30-4542-8A0A-5E262E458DDE}
	EndGlobalSection
	GlobalSection(ProjectConfigurationPlatforms) = postSolution
		{A2D626B8-1532-4E35-B9F2-4246C838D192}.Debug|Any CPU.ActiveCfg = Debug|Any CPU
		{A2D626B8-1532-4E35-B9F2-4246C838D192}.Debug|Any CPU.Build.0 = Debug|Any CPU
		{A2D626B8-1532-4E35-B9F2-4246C838D192}.Release|Any CPU.ActiveCfg = Release|Any CPU
		{A2D626B8-1532-4E35-B9F2-4246C838D192}.Release|Any CPU.Build.0 = Release|Any CPU
		{B365596B-8518-4296-AA9E-5B455C74AAF6}.Debug|Any CPU.ActiveCfg = Debug|Any CPU
		{B365596B-8518-4296-AA9E-5B455C74AAF6}.Debug|Any CPU.Build.0 = Debug|Any CPU
		{B365596B-8518-4296-AA9E-5B455C74AAF6}.Release|Any CPU.ActiveCfg = Release|Any CPU
		{B365596B-8518-4296-AA9E-5B455C74AAF6}.Release|Any CPU.Build.0 = Release|Any CPU
		{7F5B4E94-ADAC-47A7-9D2F-13C8418D14DC}.Debug|Any CPU.ActiveCfg = Debug|Any CPU
		{7F5B4E94-ADAC-47A7-9D2F-13C8418D14DC}.Debug|Any CPU.Build.0 = Debug|Any CPU
		{7F5B4E94-ADAC-47A7-9D2F-13C8418D14DC}.Release|Any CPU.ActiveCfg = Release|Any CPU
		{7F5B4E94-ADAC-47A7-9D2F-13C8418D14DC}.Release|Any CPU.Build.0 = Release|Any CPU
		{71E9790E-DFDE-4F5E-B16E-7DA963990DC9}.Debug|Any CPU.ActiveCfg = Debug|Any CPU
		{71E9790E-DFDE-4F5E-B16E-7DA963990DC9}.Debug|Any CPU.Build.0 = Debug|Any CPU
		{71E9790E-DFDE-4F5E-B16E-7DA963990DC9}.Release|Any CPU.ActiveCfg = Release|Any CPU
		{71E9790E-DFDE-4F5E-B16E-7DA963990DC9}.Release|Any CPU.Build.0 = Release|Any CPU
		{E30E604A-9CC6-430A-BF88-FA909DAA1E69}.Debug|Any CPU.ActiveCfg = Debug|Any CPU
		{E30E604A-9CC6-430A-BF88-FA909DAA1E69}.Debug|Any CPU.Build.0 = Debug|Any CPU
		{E30E604A-9CC6-430A-BF88-FA909DAA1E69}.Release|Any CPU.ActiveCfg = Release|Any CPU
		{E30E604A-9CC6-430A-BF88-FA909DAA1E69}.Release|Any CPU.Build.0 = Release|Any CPU
		{42302293-0573-4056-8130-DD442CEBF91A}.Debug|Any CPU.ActiveCfg = Debug|Any CPU
		{42302293-0573-4056-8130-DD442CEBF91A}.Debug|Any CPU.Build.0 = Debug|Any CPU
		{42302293-0573-4056-8130-DD442CEBF91A}.Release|Any CPU.ActiveCfg = Release|Any CPU
		{42302293-0573-4056-8130-DD442CEBF91A}.Release|Any CPU.Build.0 = Release|Any CPU
		{47811447-A858-496F-8792-DCB572355F2F}.Debug|Any CPU.ActiveCfg = Debug|Any CPU
		{47811447-A858-496F-8792-DCB572355F2F}.Debug|Any CPU.Build.0 = Debug|Any CPU
		{47811447-A858-496F-8792-DCB572355F2F}.Release|Any CPU.ActiveCfg = Release|Any CPU
		{47811447-A858-496F-8792-DCB572355F2F}.Release|Any CPU.Build.0 = Release|Any CPU
		{354FA653-96DE-4CC4-8B6C-5883BF034C16}.Debug|Any CPU.ActiveCfg = Debug|Any CPU
		{354FA653-96DE-4CC4-8B6C-5883BF034C16}.Debug|Any CPU.Build.0 = Debug|Any CPU
		{354FA653-96DE-4CC4-8B6C-5883BF034C16}.Release|Any CPU.ActiveCfg = Release|Any CPU
		{354FA653-96DE-4CC4-8B6C-5883BF034C16}.Release|Any CPU.Build.0 = Release|Any CPU
		{AA853CBA-460D-4CED-9268-51CE69ADB07A}.Debug|Any CPU.ActiveCfg = Debug|Any CPU
		{AA853CBA-460D-4CED-9268-51CE69ADB07A}.Debug|Any CPU.Build.0 = Debug|Any CPU
		{AA853CBA-460D-4CED-9268-51CE69ADB07A}.Release|Any CPU.ActiveCfg = Release|Any CPU
		{AA853CBA-460D-4CED-9268-51CE69ADB07A}.Release|Any CPU.Build.0 = Release|Any CPU
		{03B6565E-BAA4-4B27-AE35-D0A95DD74219}.Debug|Any CPU.ActiveCfg = Debug|Any CPU
		{03B6565E-BAA4-4B27-AE35-D0A95DD74219}.Debug|Any CPU.Build.0 = Debug|Any CPU
		{03B6565E-BAA4-4B27-AE35-D0A95DD74219}.Release|Any CPU.ActiveCfg = Release|Any CPU
		{03B6565E-BAA4-4B27-AE35-D0A95DD74219}.Release|Any CPU.Build.0 = Release|Any CPU
		{07933CD8-6FB9-47DF-8CD2-46CBC2C5F55F}.Debug|Any CPU.ActiveCfg = Debug|Any CPU
		{07933CD8-6FB9-47DF-8CD2-46CBC2C5F55F}.Debug|Any CPU.Build.0 = Debug|Any CPU
		{07933CD8-6FB9-47DF-8CD2-46CBC2C5F55F}.Release|Any CPU.ActiveCfg = Release|Any CPU
		{07933CD8-6FB9-47DF-8CD2-46CBC2C5F55F}.Release|Any CPU.Build.0 = Release|Any CPU
		{8A79C30C-AF8F-44F6-A5A0-3AC8B7ED6E2D}.Debug|Any CPU.ActiveCfg = Debug|Any CPU
		{8A79C30C-AF8F-44F6-A5A0-3AC8B7ED6E2D}.Debug|Any CPU.Build.0 = Debug|Any CPU
		{8A79C30C-AF8F-44F6-A5A0-3AC8B7ED6E2D}.Release|Any CPU.ActiveCfg = Release|Any CPU
		{8A79C30C-AF8F-44F6-A5A0-3AC8B7ED6E2D}.Release|Any CPU.Build.0 = Release|Any CPU
		{94C23776-EE92-4E46-9849-D2E6CBD65295}.Debug|Any CPU.ActiveCfg = Debug|Any CPU
		{94C23776-EE92-4E46-9849-D2E6CBD65295}.Debug|Any CPU.Build.0 = Debug|Any CPU
		{94C23776-EE92-4E46-9849-D2E6CBD65295}.Release|Any CPU.ActiveCfg = Release|Any CPU
		{94C23776-EE92-4E46-9849-D2E6CBD65295}.Release|Any CPU.Build.0 = Release|Any CPU
		{65853CF3-EDB0-44A2-97F4-20E494E1F1EF}.Debug|Any CPU.ActiveCfg = Debug|Any CPU
		{65853CF3-EDB0-44A2-97F4-20E494E1F1EF}.Debug|Any CPU.Build.0 = Debug|Any CPU
		{65853CF3-EDB0-44A2-97F4-20E494E1F1EF}.Release|Any CPU.ActiveCfg = Release|Any CPU
		{65853CF3-EDB0-44A2-97F4-20E494E1F1EF}.Release|Any CPU.Build.0 = Release|Any CPU
		{08F6ACCA-179D-466A-8003-B8B4B2A26768}.Debug|Any CPU.ActiveCfg = Debug|Any CPU
		{08F6ACCA-179D-466A-8003-B8B4B2A26768}.Debug|Any CPU.Build.0 = Debug|Any CPU
		{08F6ACCA-179D-466A-8003-B8B4B2A26768}.Release|Any CPU.ActiveCfg = Release|Any CPU
		{08F6ACCA-179D-466A-8003-B8B4B2A26768}.Release|Any CPU.Build.0 = Release|Any CPU
		{0A76F194-9723-46E6-843A-55ABBC58C5AD}.Debug|Any CPU.ActiveCfg = Debug|Any CPU
		{0A76F194-9723-46E6-843A-55ABBC58C5AD}.Debug|Any CPU.Build.0 = Debug|Any CPU
		{0A76F194-9723-46E6-843A-55ABBC58C5AD}.Release|Any CPU.ActiveCfg = Release|Any CPU
		{0A76F194-9723-46E6-843A-55ABBC58C5AD}.Release|Any CPU.Build.0 = Release|Any CPU
		{C459AC33-FD11-402E-8058-F76DD940190D}.Debug|Any CPU.ActiveCfg = Debug|Any CPU
		{C459AC33-FD11-402E-8058-F76DD940190D}.Debug|Any CPU.Build.0 = Debug|Any CPU
		{C459AC33-FD11-402E-8058-F76DD940190D}.Release|Any CPU.ActiveCfg = Release|Any CPU
		{C459AC33-FD11-402E-8058-F76DD940190D}.Release|Any CPU.Build.0 = Release|Any CPU
		{7F1E7FB4-7199-41AA-B30E-EA372813754F}.Debug|Any CPU.ActiveCfg = Debug|Any CPU
		{7F1E7FB4-7199-41AA-B30E-EA372813754F}.Debug|Any CPU.Build.0 = Debug|Any CPU
		{7F1E7FB4-7199-41AA-B30E-EA372813754F}.Release|Any CPU.ActiveCfg = Release|Any CPU
		{7F1E7FB4-7199-41AA-B30E-EA372813754F}.Release|Any CPU.Build.0 = Release|Any CPU
	EndGlobalSection
EndGlobal
